
Microsoft Visual Studio Solution File, Format Version 12.00
# Visual Studio Version 17
VisualStudioVersion = 17.4.33213.308
MinimumVisualStudioVersion = 10.0.40219.1
Project("{FAE04EC0-301F-11D3-BF4B-00C04F79EFBC}") = "Labb4API", "Labb4API.csproj", "{B5ACC8B4-294E-4CE2-92A2-15B1D95A6E01}"
EndProject
Global
	GlobalSection(SolutionConfigurationPlatforms) = preSolution
		Debug|Any CPU = Debug|Any CPU
		Release|Any CPU = Release|Any CPU
	EndGlobalSection
	GlobalSection(ProjectConfigurationPlatforms) = postSolution
		{B5ACC8B4-294E-4CE2-92A2-15B1D95A6E01}.Debug|Any CPU.ActiveCfg = Debug|Any CPU
		{B5ACC8B4-294E-4CE2-92A2-15B1D95A6E01}.Debug|Any CPU.Build.0 = Debug|Any CPU
		{B5ACC8B4-294E-4CE2-92A2-15B1D95A6E01}.Release|Any CPU.ActiveCfg = Release|Any CPU
		{B5ACC8B4-294E-4CE2-92A2-15B1D95A6E01}.Release|Any CPU.Build.0 = Release|Any CPU
	EndGlobalSection
	GlobalSection(SolutionProperties) = preSolution
		HideSolutionNode = FALSE
	EndGlobalSection
	GlobalSection(ExtensibilityGlobals) = postSolution
		SolutionGuid = {3AAAE5AF-97BF-44B1-A51B-6A52258D875F}
	EndGlobalSection
EndGlobal
